// !$*UTF8*$!
{
	archiveVersion = 1;
	classes = {
	};
	objectVersion = 54;
	objects = {

/* Begin PBXBuildFile section */
		068C587B0CE864E43620097D /* Vision.framework in Frameworks */ = {isa = PBXBuildFile; fileRef = DA33CBA2422DFCFCA385229F /* Vision.framework */; };
		07BABD8F3FA0C27F4B81CFE9 /* CempKdf.m in Sources */ = {isa = PBXBuildFile; fileRef = BFB4FD51C5B8A03BAE2D06E1 /* CempKdf.m */; };
		0C80B921A6F3F58F76C31292 /* libPods-CempMobile.a in Frameworks */ = {isa = PBXBuildFile; fileRef = 5DCACB8F33CDC322A6C60F78 /* libPods-CempMobile.a */; };
		0CAB7FDE0EDCB82B6ACA03D3 /* Foundation.framework in Frameworks */ = {isa = PBXBuildFile; fileRef = 665157A24D374604C8CD4199 /* Foundation.framework */; };
		0D873120F3F8D08E2E0491D4 /* CempImagePickerTests.m in Sources */ = {isa = PBXBuildFile; fileRef = 4FE9CE2EBB5BDBEFDB09F927 /* CempImagePickerTests.m */; };
		13B07FBF1A68108700A75B9A /* Images.xcassets in Resources */ = {isa = PBXBuildFile; fileRef = 13B07FB51A68108700A75B9A /* Images.xcassets */; };
		194FA86B7BF9C66F1E6A311A /* CempImageCodecEngine.m in Sources */ = {isa = PBXBuildFile; fileRef = ECC6167411A64E05D46F13D4 /* CempImageCodecEngine.m */; };
		22D8F88B687FBC76D3150226 /* argon2.c in Sources */ = {isa = PBXBuildFile; fileRef = DA5B7220F8A7E247DABD7270 /* argon2.c */; };
		2706D07ED0BE2F454B7D6790 /* vectors.txt in Resources */ = {isa = PBXBuildFile; fileRef = A2C098E97E269EDB23F0D354 /* vectors.txt */; };
		2868217D266BC43AB3BE3528 /* thread.c in Sources */ = {isa = PBXBuildFile; fileRef = D84FDD695F148911F02316E6 /* thread.c */; };
		29E2A3EBED13533766EC6FA3 /* CempQrScannerViewController.m in Sources */ = {isa = PBXBuildFile; fileRef = 026FA0B4C5ECCB40207F3513 /* CempQrScannerViewController.m */; };
		2E22610A99F8EA5E9026A4E9 /* CoreGraphics.framework in Frameworks */ = {isa = PBXBuildFile; fileRef = 56E51A3FEF6B5B8F350BCD70 /* CoreGraphics.framework */; };
		31FFA489DF09A20167DC1A92 /* CempScheduler.m in Sources */ = {isa = PBXBuildFile; fileRef = 2A8E6C61EBF5007863B3B19E /* CempScheduler.m */; };
		33FFF5BC7B94516A9144E263 /* encoding.c in Sources */ = {isa = PBXBuildFile; fileRef = F344768B0B859694A685B67C /* encoding.c */; };
		342F161A391629C2FE41E575 /* CempSchedulerEngine.m in Sources */ = {isa = PBXBuildFile; fileRef = F5844455C38825EE568CC77F /* CempSchedulerEngine.m */; };
		34CB849B985B4B1ED2D1FD62 /* CempShare.m in Sources */ = {isa = PBXBuildFile; fileRef = A70FBE641511A0050799AC6B /* CempShare.m */; };
		3E4F8B8A1F250BBD7ADA6A45 /* crypto_scrypt-ref.c in Sources */ = {isa = PBXBuildFile; fileRef = 110379211318E1F8F6D0DCCB /* crypto_scrypt-ref.c */; };
		46768DA30D9264A4B3D24173 /* core.c in Sources */ = {isa = PBXBuildFile; fileRef = 11021983D1B7385C99ABE4FE /* core.c */; };
		4ADB3568E4D54CDA4486B72F /* blake2b.c in Sources */ = {isa = PBXBuildFile; fileRef = 2CC2E7CBF063A5B123A04F6C /* blake2b.c */; };
		5A14FC6F217C153515DEA426 /* CempImagePickerEngine.m in Sources */ = {isa = PBXBuildFile; fileRef = B5DB4DD37FC9F25EBDAC8137 /* CempImagePickerEngine.m */; };
		5ED204B36CBE342D34C1B1D5 /* CempQrScanner.m in Sources */ = {isa = PBXBuildFile; fileRef = 93F757C481C7C37F56A8712F /* CempQrScanner.m */; };
		6241E90D16A8D7B558E0DB03 /* CempImagePickerEngine.m in Sources */ = {isa = PBXBuildFile; fileRef = 1905F92A0F948D07DB54C935 /* CempImagePickerEngine.m */; };
		635FCEBA8A81978CBA5A1576 /* CempSchedulerEngine.m in Sources */ = {isa = PBXBuildFile; fileRef = D2A220232C402411CB28B4F3 /* CempSchedulerEngine.m */; };
		743E37DC757E53CB17EE9F4A /* BackgroundTasks.framework in Frameworks */ = {isa = PBXBuildFile; fileRef = 3457F1B4340514C5B6008DE7 /* BackgroundTasks.framework */; };
		755F8604784781D7A0ADFF81 /* insecure_memzero.c in Sources */ = {isa = PBXBuildFile; fileRef = E36F687324B7AE026C2DE51B /* insecure_memzero.c */; };
		761780ED2CA45674006654EE /* AppDelegate.swift in Sources */ = {isa = PBXBuildFile; fileRef = 761780EC2CA45674006654EE /* AppDelegate.swift */; };
		79F04CA827A0EB9E80F2AA0D /* sha256.c in Sources */ = {isa = PBXBuildFile; fileRef = F540415EE0E0615043A6E35F /* sha256.c */; };
		81AB9BB82411601600AC10FF /* LaunchScreen.storyboard in Resources */ = {isa = PBXBuildFile; fileRef = 81AB9BB72411601600AC10FF /* LaunchScreen.storyboard */; };
		96C356831DF6386EAB767FE2 /* XCTest.framework in Frameworks */ = {isa = PBXBuildFile; fileRef = D66E96BB29CE154CFB9D6FC8 /* XCTest.framework */; };
		9C36EBBA42E51331A0B8478A /* PhotosUI.framework in Frameworks */ = {isa = PBXBuildFile; fileRef = FD5795BD756AE43162704E43 /* PhotosUI.framework */; };
		9E92C78FBB38E9CACCD79E2F /* MobileCoreServices.framework in Frameworks */ = {isa = PBXBuildFile; fileRef = 3422FCC4026C90D9BE92E40E /* MobileCoreServices.framework */; };
		9F9FC24BDE20689464460613 /* blake2b.c in Sources */ = {isa = PBXBuildFile; fileRef = FBFDCAE329E66A471EB06974 /* blake2b.c */; };
		A4BD7AC5EC00E0352219BA18 /* CempImageCodecEngine.m in Sources */ = {isa = PBXBuildFile; fileRef = 01233C30F687B14AE924638A /* CempImageCodecEngine.m */; };
		A94EE0C18EAE82698A6483F2 /* CempImagePicker.m in Sources */ = {isa = PBXBuildFile; fileRef = 3B5273A8715B0609BA956A64 /* CempImagePicker.m */; };
		AA56F14A400E0DEC084945BB /* CempKdfTests.m in Sources */ = {isa = PBXBuildFile; fileRef = 01EF7510EAA6F798AAC62ECA /* CempKdfTests.m */; };
		B01EE71BB5203E688BEFB035 /* ref.c in Sources */ = {isa = PBXBuildFile; fileRef = C31F3C33B7027F3090B09CCA /* ref.c */; };
		B6AA2B72D6D9F04C61DB092B /* UIKit.framework in Frameworks */ = {isa = PBXBuildFile; fileRef = C55FDED485EAA31F53EDAB73 /* UIKit.framework */; };
		B917160F4CE5A5CCEE5A573F /* AVFoundation.framework in Frameworks */ = {isa = PBXBuildFile; fileRef = F90D55F3FEF01FF15BCBA141 /* AVFoundation.framework */; };
		BAC52793DD2875C1AE4E541A /* MobileCoreServices.framework in Frameworks */ = {isa = PBXBuildFile; fileRef = 3422FCC4026C90D9BE92E40E /* MobileCoreServices.framework */; };
		BCFA4855F49FDDE9884A3584 /* CoreImage.framework in Frameworks */ = {isa = PBXBuildFile; fileRef = AF58310407C7A47907EDDE6D /* CoreImage.framework */; };
		BEBB764942C71FD3B7D73F42 /* encoding.c in Sources */ = {isa = PBXBuildFile; fileRef = D7D234018E87EC144AC83E9D /* encoding.c */; };
		C40E01FCD45D234EEF5591EC /* core.c in Sources */ = {isa = PBXBuildFile; fileRef = EB5C8A8CB5C82AC932E6D610 /* core.c */; };
		C60A07418CA0ADC1FD57DFF1 /* argon2.c in Sources */ = {isa = PBXBuildFile; fileRef = 583D6CAF3974A5794712F94C /* argon2.c */; };
		D25727FD77B22B4FBB02FB8C /* ref.c in Sources */ = {isa = PBXBuildFile; fileRef = 86A186C2311F896485ACCE21 /* ref.c */; };
		D776C5574DB43953F3BE7D6D /* CempHeadlessTask.m in Sources */ = {isa = PBXBuildFile; fileRef = 05EB93F3DF0FA5F1E9DF6649 /* CempHeadlessTask.m */; };
		D7958F179AB987DAD100EB82 /* sha256.c in Sources */ = {isa = PBXBuildFile; fileRef = 482B3663D1E2C5DA5C23F284 /* sha256.c */; };
		DCBFB10EE371871101DEC4B2 /* CempImageCodecTests.m in Sources */ = {isa = PBXBuildFile; fileRef = B0448BB021990E66ED70F437 /* CempImageCodecTests.m */; };
		E011133E74BAB8E55E793465 /* BackgroundTasks.framework in Frameworks */ = {isa = PBXBuildFile; fileRef = 3457F1B4340514C5B6008DE7 /* BackgroundTasks.framework */; };
		E21A9DAD30715CAE1679EC90 /* thread.c in Sources */ = {isa = PBXBuildFile; fileRef = 1883AA23EEEC367C875D6255 /* thread.c */; };
		E2FADA692FF8878A85774BF6 /* crypto_scrypt-ref.c in Sources */ = {isa = PBXBuildFile; fileRef = D8411AD9BA3498AD3A200BDD /* crypto_scrypt-ref.c */; };
		E34C9DF6073397E063B0F14D /* CempKdfCore.c in Sources */ = {isa = PBXBuildFile; fileRef = D8B41D67F8C02F8DBCBDADFB /* CempKdfCore.c */; };
		E6445DC5BF97A9658211FF48 /* ImageIO.framework in Frameworks */ = {isa = PBXBuildFile; fileRef = 59869FD2180D951B86C09C98 /* ImageIO.framework */; };
		ED9470F46D73F86E103BBB2E /* CoreGraphics.framework in Frameworks */ = {isa = PBXBuildFile; fileRef = 56E51A3FEF6B5B8F350BCD70 /* CoreGraphics.framework */; };
		EE8D4DAC9E40F58152CCE7EB /* CempKdfCore.c in Sources */ = {isa = PBXBuildFile; fileRef = B8B4A927C878E7F3A85FB2ED /* CempKdfCore.c */; };
		F30B4430904328B3FF67B38D /* insecure_memzero.c in Sources */ = {isa = PBXBuildFile; fileRef = 24F64F20E093155EA3688754 /* insecure_memzero.c */; };
		F4161AEDA0E178B01C36C5A0 /* ImageIO.framework in Frameworks */ = {isa = PBXBuildFile; fileRef = 59869FD2180D951B86C09C98 /* ImageIO.framework */; };
		FD17122EA6AFC7E3F5EF0070 /* CempSchedulerTests.m in Sources */ = {isa = PBXBuildFile; fileRef = 97D2E43DDD693EF9D2A06AF4 /* CempSchedulerTests.m */; };
		FE33B4E1826A6572531CAF78 /* CempImageCodec.m in Sources */ = {isa = PBXBuildFile; fileRef = 0B02C251F9482A494CDC469E /* CempImageCodec.m */; };
/* End PBXBuildFile section */

/* Begin PBXFileReference section */
		01233C30F687B14AE924638A /* CempImageCodecEngine.m */ = {isa = PBXFileReference; includeInIndex = 1; lastKnownFileType = sourcecode.c.objc; path = CempImageCodecEngine.m; sourceTree = "<group>"; };
		01EF7510EAA6F798AAC62ECA /* CempKdfTests.m */ = {isa = PBXFileReference; includeInIndex = 1; lastKnownFileType = sourcecode.c.objc; path = CempKdfTests.m; sourceTree = "<group>"; };
		026FA0B4C5ECCB40207F3513 /* CempQrScannerViewController.m */ = {isa = PBXFileReference; includeInIndex = 1; lastKnownFileType = sourcecode.c.objc; path = CempQrScannerViewController.m; sourceTree = "<group>"; };
		05EB93F3DF0FA5F1E9DF6649 /* CempHeadlessTask.m */ = {isa = PBXFileReference; includeInIndex = 1; lastKnownFileType = sourcecode.c.objc; path = CempHeadlessTask.m; sourceTree = "<group>"; };
		0B02C251F9482A494CDC469E /* CempImageCodec.m */ = {isa = PBXFileReference; includeInIndex = 1; lastKnownFileType = sourcecode.c.objc; path = CempImageCodec.m; sourceTree = "<group>"; };
		11021983D1B7385C99ABE4FE /* core.c */ = {isa = PBXFileReference; includeInIndex = 1; name = core.c; path = ../CempKdf/vendor/argon2/src/core.c; sourceTree = "<group>"; };
		110379211318E1F8F6D0DCCB /* crypto_scrypt-ref.c */ = {isa = PBXFileReference; includeInIndex = 1; name = "crypto_scrypt-ref.c"; path = "vendor/scrypt/lib/crypto/crypto_scrypt-ref.c"; sourceTree = "<group>"; };
		13B07F961A680F5B00A75B9A /* CempMobile.app */ = {isa = PBXFileReference; explicitFileType = wrapper.application; includeInIndex = 0; path = CempMobile.app; sourceTree = BUILT_PRODUCTS_DIR; };
		13B07FB51A68108700A75B9A /* Images.xcassets */ = {isa = PBXFileReference; lastKnownFileType = folder.assetcatalog; name = Images.xcassets; path = CempMobile/Images.xcassets; sourceTree = "<group>"; };
		13B07FB61A68108700A75B9A /* Info.plist */ = {isa = PBXFileReference; fileEncoding = 4; lastKnownFileType = text.plist.xml; name = Info.plist; path = CempMobile/Info.plist; sourceTree = "<group>"; };
		13B07FB81A68108700A75B9A /* PrivacyInfo.xcprivacy */ = {isa = PBXFileReference; fileEncoding = 4; lastKnownFileType = text.plist.xml; name = PrivacyInfo.xcprivacy; path = CempMobile/PrivacyInfo.xcprivacy; sourceTree = "<group>"; };
		17B05E9D44FA3676B6FBEAD8 /* CempMobile-Bridging-Header.h */ = {isa = PBXFileReference; includeInIndex = 1; lastKnownFileType = sourcecode.c.h; name = "CempMobile-Bridging-Header.h"; path = "CempMobile/CempMobile-Bridging-Header.h"; sourceTree = "<group>"; };
		1883AA23EEEC367C875D6255 /* thread.c */ = {isa = PBXFileReference; includeInIndex = 1; name = thread.c; path = ../CempKdf/vendor/argon2/src/thread.c; sourceTree = "<group>"; };
		1905F92A0F948D07DB54C935 /* CempImagePickerEngine.m */ = {isa = PBXFileReference; includeInIndex = 1; lastKnownFileType = sourcecode.c.objc; name = CempImagePickerEngine.m; path = ../CempImagePicker/CempImagePickerEngine.m; sourceTree = "<group>"; };
		24F64F20E093155EA3688754 /* insecure_memzero.c */ = {isa = PBXFileReference; includeInIndex = 1; name = insecure_memzero.c; path = vendor/scrypt/libcperciva/util/insecure_memzero.c; sourceTree = "<group>"; };
		2A8E6C61EBF5007863B3B19E /* CempScheduler.m */ = {isa = PBXFileReference; includeInIndex = 1; lastKnownFileType = sourcecode.c.objc; path = CempScheduler.m; sourceTree = "<group>"; };
		2CC2E7CBF063A5B123A04F6C /* blake2b.c */ = {isa = PBXFileReference; includeInIndex = 1; name = blake2b.c; path = ../CempKdf/vendor/argon2/src/blake2/blake2b.c; sourceTree = "<group>"; };
		2CF77862302379E72DD21FC3 /* CempScheduler.h */ = {isa = PBXFileReference; includeInIndex = 1; lastKnownFileType = sourcecode.c.h; path = CempScheduler.h; sourceTree = "<group>"; };
		3422FCC4026C90D9BE92E40E /* MobileCoreServices.framework */ = {isa = PBXFileReference; lastKnownFileType = wrapper.framework; name = MobileCoreServices.framework; path = Platforms/iPhoneOS.platform/Developer/SDKs/iPhoneOS26.0.sdk/System/Library/Frameworks/MobileCoreServices.framework; sourceTree = DEVELOPER_DIR; };
		3457F1B4340514C5B6008DE7 /* BackgroundTasks.framework */ = {isa = PBXFileReference; lastKnownFileType = wrapper.framework; name = BackgroundTasks.framework; path = Platforms/iPhoneOS.platform/Developer/SDKs/iPhoneOS26.0.sdk/System/Library/Frameworks/BackgroundTasks.framework; sourceTree = DEVELOPER_DIR; };
		3B4392A12AC88292D35C810B /* Pods-CempMobile.debug.xcconfig */ = {isa = PBXFileReference; includeInIndex = 1; lastKnownFileType = text.xcconfig; name = "Pods-CempMobile.debug.xcconfig"; path = "Target Support Files/Pods-CempMobile/Pods-CempMobile.debug.xcconfig"; sourceTree = "<group>"; };
		3B5273A8715B0609BA956A64 /* CempImagePicker.m */ = {isa = PBXFileReference; includeInIndex = 1; lastKnownFileType = sourcecode.c.objc; path = CempImagePicker.m; sourceTree = "<group>"; };
		482B3663D1E2C5DA5C23F284 /* sha256.c */ = {isa = PBXFileReference; includeInIndex = 1; name = sha256.c; path = ../CempKdf/vendor/scrypt/libcperciva/alg/sha256.c; sourceTree = "<group>"; };
		4FE9CE2EBB5BDBEFDB09F927 /* CempImagePickerTests.m */ = {isa = PBXFileReference; includeInIndex = 1; lastKnownFileType = sourcecode.c.objc; path = CempImagePickerTests.m; sourceTree = "<group>"; };
		56E51A3FEF6B5B8F350BCD70 /* CoreGraphics.framework */ = {isa = PBXFileReference; lastKnownFileType = wrapper.framework; name = CoreGraphics.framework; path = Platforms/iPhoneOS.platform/Developer/SDKs/iPhoneOS26.0.sdk/System/Library/Frameworks/CoreGraphics.framework; sourceTree = DEVELOPER_DIR; };
		5709B34CF0A7D63546082F79 /* Pods-CempMobile.release.xcconfig */ = {isa = PBXFileReference; includeInIndex = 1; lastKnownFileType = text.xcconfig; name = "Pods-CempMobile.release.xcconfig"; path = "Target Support Files/Pods-CempMobile/Pods-CempMobile.release.xcconfig"; sourceTree = "<group>"; };
		583D6CAF3974A5794712F94C /* argon2.c */ = {isa = PBXFileReference; includeInIndex = 1; name = argon2.c; path = ../CempKdf/vendor/argon2/src/argon2.c; sourceTree = "<group>"; };
		59869FD2180D951B86C09C98 /* ImageIO.framework */ = {isa = PBXFileReference; lastKnownFileType = wrapper.framework; name = ImageIO.framework; path = Platforms/iPhoneOS.platform/Developer/SDKs/iPhoneOS26.0.sdk/System/Library/Frameworks/ImageIO.framework; sourceTree = DEVELOPER_DIR; };
		5DCACB8F33CDC322A6C60F78 /* libPods-CempMobile.a */ = {isa = PBXFileReference; explicitFileType = archive.ar; includeInIndex = 0; path = "libPods-CempMobile.a"; sourceTree = BUILT_PRODUCTS_DIR; };
		64027EB5BD3DE648D0AB2C20 /* CempImagePickerEngine.h */ = {isa = PBXFileReference; includeInIndex = 1; lastKnownFileType = sourcecode.c.h; path = CempImagePickerEngine.h; sourceTree = "<group>"; };
		665157A24D374604C8CD4199 /* Foundation.framework */ = {isa = PBXFileReference; lastKnownFileType = wrapper.framework; name = Foundation.framework; path = Platforms/iPhoneOS.platform/Developer/SDKs/iPhoneOS26.0.sdk/System/Library/Frameworks/Foundation.framework; sourceTree = DEVELOPER_DIR; };
		761780EC2CA45674006654EE /* AppDelegate.swift */ = {isa = PBXFileReference; lastKnownFileType = sourcecode.swift; name = AppDelegate.swift; path = CempMobile/AppDelegate.swift; sourceTree = "<group>"; };
		81AB9BB72411601600AC10FF /* LaunchScreen.storyboard */ = {isa = PBXFileReference; fileEncoding = 4; lastKnownFileType = file.storyboard; name = LaunchScreen.storyboard; path = CempMobile/LaunchScreen.storyboard; sourceTree = "<group>"; };
		86A186C2311F896485ACCE21 /* ref.c */ = {isa = PBXFileReference; includeInIndex = 1; name = ref.c; path = ../CempKdf/vendor/argon2/src/ref.c; sourceTree = "<group>"; };
		90D024E033C0F37FBF97BDC1 /* CempQrScannerViewController.h */ = {isa = PBXFileReference; includeInIndex = 1; lastKnownFileType = sourcecode.c.h; path = CempQrScannerViewController.h; sourceTree = "<group>"; };
		93F757C481C7C37F56A8712F /* CempQrScanner.m */ = {isa = PBXFileReference; includeInIndex = 1; lastKnownFileType = sourcecode.c.objc; path = CempQrScanner.m; sourceTree = "<group>"; };
		97D2E43DDD693EF9D2A06AF4 /* CempSchedulerTests.m */ = {isa = PBXFileReference; includeInIndex = 1; lastKnownFileType = sourcecode.c.objc; path = CempSchedulerTests.m; sourceTree = "<group>"; };
		A2C098E97E269EDB23F0D354 /* vectors.txt */ = {isa = PBXFileReference; includeInIndex = 1; name = vectors.txt; path = "../../../tools/kdf-c-core/vectors.txt"; sourceTree = SOURCE_ROOT; };
		A70FBE641511A0050799AC6B /* CempShare.m */ = {isa = PBXFileReference; includeInIndex = 1; lastKnownFileType = sourcecode.c.objc; path = CempShare.m; sourceTree = "<group>"; };
		AF58310407C7A47907EDDE6D /* CoreImage.framework */ = {isa = PBXFileReference; lastKnownFileType = wrapper.framework; name = CoreImage.framework; path = Platforms/iPhoneOS.platform/Developer/SDKs/iPhoneOS26.0.sdk/System/Library/Frameworks/CoreImage.framework; sourceTree = DEVELOPER_DIR; };
		B0448BB021990E66ED70F437 /* CempImageCodecTests.m */ = {isa = PBXFileReference; includeInIndex = 1; lastKnownFileType = sourcecode.c.objc; path = CempImageCodecTests.m; sourceTree = "<group>"; };
		B5DB4DD37FC9F25EBDAC8137 /* CempImagePickerEngine.m */ = {isa = PBXFileReference; includeInIndex = 1; lastKnownFileType = sourcecode.c.objc; path = CempImagePickerEngine.m; sourceTree = "<group>"; };
		B8B4A927C878E7F3A85FB2ED /* CempKdfCore.c */ = {isa = PBXFileReference; includeInIndex = 1; name = CempKdfCore.c; path = ../CempKdf/CempKdfCore.c; sourceTree = "<group>"; };
		BFB4FD51C5B8A03BAE2D06E1 /* CempKdf.m */ = {isa = PBXFileReference; includeInIndex = 1; lastKnownFileType = sourcecode.c.objc; path = CempKdf.m; sourceTree = "<group>"; };
		C01522814E1C0C38F1D77702 /* CempKdfCore.h */ = {isa = PBXFileReference; includeInIndex = 1; lastKnownFileType = sourcecode.c.h; path = CempKdfCore.h; sourceTree = "<group>"; };
		C31F3C33B7027F3090B09CCA /* ref.c */ = {isa = PBXFileReference; includeInIndex = 1; name = ref.c; path = vendor/argon2/src/ref.c; sourceTree = "<group>"; };
		C55FDED485EAA31F53EDAB73 /* UIKit.framework */ = {isa = PBXFileReference; lastKnownFileType = wrapper.framework; name = UIKit.framework; path = Platforms/iPhoneOS.platform/Developer/SDKs/iPhoneOS26.0.sdk/System/Library/Frameworks/UIKit.framework; sourceTree = DEVELOPER_DIR; };
		C70A543C820087BB3F06A92D /* CempMobileTests.xctest */ = {isa = PBXFileReference; explicitFileType = wrapper.cfbundle; includeInIndex = 0; path = CempMobileTests.xctest; sourceTree = BUILT_PRODUCTS_DIR; };
		C70DFE18D571B3ACEF47A021 /* PROVENANCE.md */ = {isa = PBXFileReference; includeInIndex = 1; path = PROVENANCE.md; sourceTree = "<group>"; };
		CD122E826CAFF00E42F4AACD /* CempImageCodecEngine.h */ = {isa = PBXFileReference; includeInIndex = 1; lastKnownFileType = sourcecode.c.h; path = CempImageCodecEngine.h; sourceTree = "<group>"; };
		D2A220232C402411CB28B4F3 /* CempSchedulerEngine.m */ = {isa = PBXFileReference; includeInIndex = 1; lastKnownFileType = sourcecode.c.objc; name = CempSchedulerEngine.m; path = ../CempScheduler/CempSchedulerEngine.m; sourceTree = "<group>"; };
		D66E96BB29CE154CFB9D6FC8 /* XCTest.framework */ = {isa = PBXFileReference; lastKnownFileType = wrapper.framework; name = XCTest.framework; path = Platforms/iPhoneOS.platform/Developer/SDKs/iPhoneOS26.0.sdk/System/Library/Frameworks/XCTest.framework; sourceTree = DEVELOPER_DIR; };
		D7D234018E87EC144AC83E9D /* encoding.c */ = {isa = PBXFileReference; includeInIndex = 1; name = encoding.c; path = ../CempKdf/vendor/argon2/src/encoding.c; sourceTree = "<group>"; };
		D8411AD9BA3498AD3A200BDD /* crypto_scrypt-ref.c */ = {isa = PBXFileReference; includeInIndex = 1; name = "crypto_scrypt-ref.c"; path = "../CempKdf/vendor/scrypt/lib/crypto/crypto_scrypt-ref.c"; sourceTree = "<group>"; };
		D84FDD695F148911F02316E6 /* thread.c */ = {isa = PBXFileReference; includeInIndex = 1; name = thread.c; path = vendor/argon2/src/thread.c; sourceTree = "<group>"; };
		D8B41D67F8C02F8DBCBDADFB /* CempKdfCore.c */ = {isa = PBXFileReference; includeInIndex = 1; path = CempKdfCore.c; sourceTree = "<group>"; };
		DA33CBA2422DFCFCA385229F /* Vision.framework */ = {isa = PBXFileReference; lastKnownFileType = wrapper.framework; name = Vision.framework; path = Platforms/iPhoneOS.platform/Developer/SDKs/iPhoneOS26.0.sdk/System/Library/Frameworks/Vision.framework; sourceTree = DEVELOPER_DIR; };
		DA5B7220F8A7E247DABD7270 /* argon2.c */ = {isa = PBXFileReference; includeInIndex = 1; name = argon2.c; path = vendor/argon2/src/argon2.c; sourceTree = "<group>"; };
		DAFE5F75029FA8594B737A49 /* CempSchedulerEngine.h */ = {isa = PBXFileReference; includeInIndex = 1; lastKnownFileType = sourcecode.c.h; path = CempSchedulerEngine.h; sourceTree = "<group>"; };
		E36F687324B7AE026C2DE51B /* insecure_memzero.c */ = {isa = PBXFileReference; includeInIndex = 1; name = insecure_memzero.c; path = ../CempKdf/vendor/scrypt/libcperciva/util/insecure_memzero.c; sourceTree = "<group>"; };
		EB5C8A8CB5C82AC932E6D610 /* core.c */ = {isa = PBXFileReference; includeInIndex = 1; name = core.c; path = vendor/argon2/src/core.c; sourceTree = "<group>"; };
		ECC6167411A64E05D46F13D4 /* CempImageCodecEngine.m */ = {isa = PBXFileReference; includeInIndex = 1; lastKnownFileType = sourcecode.c.objc; name = CempImageCodecEngine.m; path = ../CempImageCodec/CempImageCodecEngine.m; sourceTree = "<group>"; };
		ED297162215061F000B7C4FE /* JavaScriptCore.framework */ = {isa = PBXFileReference; lastKnownFileType = wrapper.framework; name = JavaScriptCore.framework; path = System/Library/Frameworks/JavaScriptCore.framework; sourceTree = SDKROOT; };
		F344768B0B859694A685B67C /* encoding.c */ = {isa = PBXFileReference; includeInIndex = 1; name = encoding.c; path = vendor/argon2/src/encoding.c; sourceTree = "<group>"; };
		F540415EE0E0615043A6E35F /* sha256.c */ = {isa = PBXFileReference; includeInIndex = 1; name = sha256.c; path = vendor/scrypt/libcperciva/alg/sha256.c; sourceTree = "<group>"; };
		F5844455C38825EE568CC77F /* CempSchedulerEngine.m */ = {isa = PBXFileReference; includeInIndex = 1; lastKnownFileType = sourcecode.c.objc; path = CempSchedulerEngine.m; sourceTree = "<group>"; };
		F90D55F3FEF01FF15BCBA141 /* AVFoundation.framework */ = {isa = PBXFileReference; lastKnownFileType = wrapper.framework; name = AVFoundation.framework; path = Platforms/iPhoneOS.platform/Developer/SDKs/iPhoneOS26.0.sdk/System/Library/Frameworks/AVFoundation.framework; sourceTree = DEVELOPER_DIR; };
		FBFDCAE329E66A471EB06974 /* blake2b.c */ = {isa = PBXFileReference; includeInIndex = 1; name = blake2b.c; path = vendor/argon2/src/blake2/blake2b.c; sourceTree = "<group>"; };
		FD5795BD756AE43162704E43 /* PhotosUI.framework */ = {isa = PBXFileReference; lastKnownFileType = wrapper.framework; name = PhotosUI.framework; path = Platforms/iPhoneOS.platform/Developer/SDKs/iPhoneOS26.0.sdk/System/Library/Frameworks/PhotosUI.framework; sourceTree = DEVELOPER_DIR; };
/* End PBXFileReference section */

/* Begin PBXFrameworksBuildPhase section */
		13B07F8C1A680F5B00A75B9A /* Frameworks */ = {
			isa = PBXFrameworksBuildPhase;
			buildActionMask = 2147483647;
			files = (
				0C80B921A6F3F58F76C31292 /* libPods-CempMobile.a in Frameworks */,
				F4161AEDA0E178B01C36C5A0 /* ImageIO.framework in Frameworks */,
				2E22610A99F8EA5E9026A4E9 /* CoreGraphics.framework in Frameworks */,
				9E92C78FBB38E9CACCD79E2F /* MobileCoreServices.framework in Frameworks */,
				9C36EBBA42E51331A0B8478A /* PhotosUI.framework in Frameworks */,
				E011133E74BAB8E55E793465 /* BackgroundTasks.framework in Frameworks */,
				B917160F4CE5A5CCEE5A573F /* AVFoundation.framework in Frameworks */,
				068C587B0CE864E43620097D /* Vision.framework in Frameworks */,
				BCFA4855F49FDDE9884A3584 /* CoreImage.framework in Frameworks */,
			);
			runOnlyForDeploymentPostprocessing = 0;
		};
		1AC376A2CE8FA0E993B252A5 /* Frameworks */ = {
			isa = PBXFrameworksBuildPhase;
			buildActionMask = 2147483647;
			files = (
				0CAB7FDE0EDCB82B6ACA03D3 /* Foundation.framework in Frameworks */,
				96C356831DF6386EAB767FE2 /* XCTest.framework in Frameworks */,
				E6445DC5BF97A9658211FF48 /* ImageIO.framework in Frameworks */,
				ED9470F46D73F86E103BBB2E /* CoreGraphics.framework in Frameworks */,
				BAC52793DD2875C1AE4E541A /* MobileCoreServices.framework in Frameworks */,
				B6AA2B72D6D9F04C61DB092B /* UIKit.framework in Frameworks */,
				743E37DC757E53CB17EE9F4A /* BackgroundTasks.framework in Frameworks */,
			);
			runOnlyForDeploymentPostprocessing = 0;
		};
/* End PBXFrameworksBuildPhase section */

/* Begin PBXGroup section */
		13B07FAE1A68108700A75B9A /* CempMobile */ = {
			isa = PBXGroup;
			children = (
				13B07FB51A68108700A75B9A /* Images.xcassets */,
				761780EC2CA45674006654EE /* AppDelegate.swift */,
				13B07FB61A68108700A75B9A /* Info.plist */,
				81AB9BB72411601600AC10FF /* LaunchScreen.storyboard */,
				13B07FB81A68108700A75B9A /* PrivacyInfo.xcprivacy */,
				17B05E9D44FA3676B6FBEAD8 /* CempMobile-Bridging-Header.h */,
			);
			name = CempMobile;
			sourceTree = "<group>";
		};
		218FA06A83ABE40317F1964E /* CempMobileTests */ = {
			isa = PBXGroup;
			children = (
				B8B4A927C878E7F3A85FB2ED /* CempKdfCore.c */,
				583D6CAF3974A5794712F94C /* argon2.c */,
				11021983D1B7385C99ABE4FE /* core.c */,
				D7D234018E87EC144AC83E9D /* encoding.c */,
				86A186C2311F896485ACCE21 /* ref.c */,
				1883AA23EEEC367C875D6255 /* thread.c */,
				2CC2E7CBF063A5B123A04F6C /* blake2b.c */,
				D8411AD9BA3498AD3A200BDD /* crypto_scrypt-ref.c */,
				482B3663D1E2C5DA5C23F284 /* sha256.c */,
				E36F687324B7AE026C2DE51B /* insecure_memzero.c */,
				01EF7510EAA6F798AAC62ECA /* CempKdfTests.m */,
				A2C098E97E269EDB23F0D354 /* vectors.txt */,
				ECC6167411A64E05D46F13D4 /* CempImageCodecEngine.m */,
				B0448BB021990E66ED70F437 /* CempImageCodecTests.m */,
				1905F92A0F948D07DB54C935 /* CempImagePickerEngine.m */,
				4FE9CE2EBB5BDBEFDB09F927 /* CempImagePickerTests.m */,
				D2A220232C402411CB28B4F3 /* CempSchedulerEngine.m */,
				97D2E43DDD693EF9D2A06AF4 /* CempSchedulerTests.m */,
			);
			name = CempMobileTests;
			path = CempMobileTests;
			sourceTree = "<group>";
		};
		2D16E6871FA4F8E400B85C8A /* Frameworks */ = {
			isa = PBXGroup;
			children = (
				ED297162215061F000B7C4FE /* JavaScriptCore.framework */,
				5DCACB8F33CDC322A6C60F78 /* libPods-CempMobile.a */,
				4404A4315DB16E1C09CE59B4 /* iOS */,
			);
			name = Frameworks;
			sourceTree = "<group>";
		};
		398BEEC5E3DF7B46D7C2306D /* CempScheduler */ = {
			isa = PBXGroup;
			children = (
				2A8E6C61EBF5007863B3B19E /* CempScheduler.m */,
				F5844455C38825EE568CC77F /* CempSchedulerEngine.m */,
				05EB93F3DF0FA5F1E9DF6649 /* CempHeadlessTask.m */,
				2CF77862302379E72DD21FC3 /* CempScheduler.h */,
				DAFE5F75029FA8594B737A49 /* CempSchedulerEngine.h */,
			);
			name = CempScheduler;
			path = CempScheduler;
			sourceTree = "<group>";
		};
		4404A4315DB16E1C09CE59B4 /* iOS */ = {
			isa = PBXGroup;
			children = (
				665157A24D374604C8CD4199 /* Foundation.framework */,
				D66E96BB29CE154CFB9D6FC8 /* XCTest.framework */,
				59869FD2180D951B86C09C98 /* ImageIO.framework */,
				56E51A3FEF6B5B8F350BCD70 /* CoreGraphics.framework */,
				3422FCC4026C90D9BE92E40E /* MobileCoreServices.framework */,
				FD5795BD756AE43162704E43 /* PhotosUI.framework */,
				C55FDED485EAA31F53EDAB73 /* UIKit.framework */,
				3457F1B4340514C5B6008DE7 /* BackgroundTasks.framework */,
				F90D55F3FEF01FF15BCBA141 /* AVFoundation.framework */,
				DA33CBA2422DFCFCA385229F /* Vision.framework */,
				AF58310407C7A47907EDDE6D /* CoreImage.framework */,
			);
			name = iOS;
			sourceTree = "<group>";
		};
		55926F598DC7A7F59833F725 /* CempImagePicker */ = {
			isa = PBXGroup;
			children = (
				3B5273A8715B0609BA956A64 /* CempImagePicker.m */,
				B5DB4DD37FC9F25EBDAC8137 /* CempImagePickerEngine.m */,
				64027EB5BD3DE648D0AB2C20 /* CempImagePickerEngine.h */,
			);
			name = CempImagePicker;
			path = CempImagePicker;
			sourceTree = "<group>";
		};
		832341AE1AAA6A7D00B99B32 /* Libraries */ = {
			isa = PBXGroup;
			children = (
			);
			name = Libraries;
			sourceTree = "<group>";
		};
		83CBB9F61A601CBA00E9B192 = {
			isa = PBXGroup;
			children = (
				13B07FAE1A68108700A75B9A /* CempMobile */,
				832341AE1AAA6A7D00B99B32 /* Libraries */,
				83CBBA001A601CBA00E9B192 /* Products */,
				2D16E6871FA4F8E400B85C8A /* Frameworks */,
				BBD78D7AC51CEA395F1C20DB /* Pods */,
				D7AC0F9D0DF5FE158DEE1450 /* CempKdf */,
				218FA06A83ABE40317F1964E /* CempMobileTests */,
				8AD8E5E85F4375F149121066 /* CempImageCodec */,
				55926F598DC7A7F59833F725 /* CempImagePicker */,
				398BEEC5E3DF7B46D7C2306D /* CempScheduler */,
				86F9D8DE16DFC07561D1FDFB /* CempShare */,
				AC101FED78F64A624A85B8A1 /* CempQrScanner */,
			);
			indentWidth = 2;
			sourceTree = "<group>";
			tabWidth = 2;
			usesTabs = 0;
		};
		83CBBA001A601CBA00E9B192 /* Products */ = {
			isa = PBXGroup;
			children = (
				13B07F961A680F5B00A75B9A /* CempMobile.app */,
				C70A543C820087BB3F06A92D /* CempMobileTests.xctest */,
			);
			name = Products;
			sourceTree = "<group>";
		};
		86F9D8DE16DFC07561D1FDFB /* CempShare */ = {
			isa = PBXGroup;
			children = (
				A70FBE641511A0050799AC6B /* CempShare.m */,
			);
			name = CempShare;
			path = CempShare;
			sourceTree = "<group>";
		};
		8AD8E5E85F4375F149121066 /* CempImageCodec */ = {
			isa = PBXGroup;
			children = (
				0B02C251F9482A494CDC469E /* CempImageCodec.m */,
				01233C30F687B14AE924638A /* CempImageCodecEngine.m */,
				CD122E826CAFF00E42F4AACD /* CempImageCodecEngine.h */,
			);
			name = CempImageCodec;
			path = CempImageCodec;
			sourceTree = "<group>";
		};
		AC101FED78F64A624A85B8A1 /* CempQrScanner */ = {
			isa = PBXGroup;
			children = (
				93F757C481C7C37F56A8712F /* CempQrScanner.m */,
				026FA0B4C5ECCB40207F3513 /* CempQrScannerViewController.m */,
				90D024E033C0F37FBF97BDC1 /* CempQrScannerViewController.h */,
			);
			name = CempQrScanner;
			path = CempQrScanner;
			sourceTree = "<group>";
		};
		BBD78D7AC51CEA395F1C20DB /* Pods */ = {
			isa = PBXGroup;
			children = (
				3B4392A12AC88292D35C810B /* Pods-CempMobile.debug.xcconfig */,
				5709B34CF0A7D63546082F79 /* Pods-CempMobile.release.xcconfig */,
			);
			path = Pods;
			sourceTree = "<group>";
		};
		D7AC0F9D0DF5FE158DEE1450 /* CempKdf */ = {
			isa = PBXGroup;
			children = (
				BFB4FD51C5B8A03BAE2D06E1 /* CempKdf.m */,
				D8B41D67F8C02F8DBCBDADFB /* CempKdfCore.c */,
				DA5B7220F8A7E247DABD7270 /* argon2.c */,
				EB5C8A8CB5C82AC932E6D610 /* core.c */,
				F344768B0B859694A685B67C /* encoding.c */,
				C31F3C33B7027F3090B09CCA /* ref.c */,
				D84FDD695F148911F02316E6 /* thread.c */,
				FBFDCAE329E66A471EB06974 /* blake2b.c */,
				110379211318E1F8F6D0DCCB /* crypto_scrypt-ref.c */,
				F540415EE0E0615043A6E35F /* sha256.c */,
				24F64F20E093155EA3688754 /* insecure_memzero.c */,
				C01522814E1C0C38F1D77702 /* CempKdfCore.h */,
				C70DFE18D571B3ACEF47A021 /* PROVENANCE.md */,
			);
			name = CempKdf;
			path = CempKdf;
			sourceTree = "<group>";
		};
/* End PBXGroup section */

/* Begin PBXNativeTarget section */
		13B07F861A680F5B00A75B9A /* CempMobile */ = {
			isa = PBXNativeTarget;
			buildConfigurationList = 13B07F931A680F5B00A75B9A /* Build configuration list for PBXNativeTarget "CempMobile" */;
			buildPhases = (
				C38B50BA6285516D6DCD4F65 /* [CP] Check Pods Manifest.lock */,
				13B07F871A680F5B00A75B9A /* Sources */,
				13B07F8C1A680F5B00A75B9A /* Frameworks */,
				13B07F8E1A680F5B00A75B9A /* Resources */,
				00DD1BFF1BD5951E006B06BC /* Bundle React Native code and images */,
				00EEFC60759A1932668264C0 /* [CP] Embed Pods Frameworks */,
				E235C05ADACE081382539298 /* [CP] Copy Pods Resources */,
			);
			buildRules = (
			);
			dependencies = (
			);
			name = CempMobile;
			productName = CempMobile;
			productReference = 13B07F961A680F5B00A75B9A /* CempMobile.app */;
			productType = "com.apple.product-type.application";
		};
		B7D78FBA62FC1F319AEF7C38 /* CempMobileTests */ = {
			isa = PBXNativeTarget;
			buildConfigurationList = EB3BD5EADD555762C7AE3B1C /* Build configuration list for PBXNativeTarget "CempMobileTests" */;
			buildPhases = (
				E73799D83BF07589E1311DA4 /* Sources */,
				1AC376A2CE8FA0E993B252A5 /* Frameworks */,
				E9A5CF690C9A7E6AC11736AE /* Resources */,
			);
			buildRules = (
			);
			dependencies = (
			);
			name = CempMobileTests;
			productName = CempMobileTests;
			productReference = C70A543C820087BB3F06A92D /* CempMobileTests.xctest */;
			productType = "com.apple.product-type.bundle.unit-test";
		};
/* End PBXNativeTarget section */

/* Begin PBXProject section */
		83CBB9F71A601CBA00E9B192 /* Project object */ = {
			isa = PBXProject;
			attributes = {
				LastUpgradeCheck = 1210;
				TargetAttributes = {
					13B07F861A680F5B00A75B9A = {
						LastSwiftMigration = 1120;
					};
				};
			};
			buildConfigurationList = 83CBB9FA1A601CBA00E9B192 /* Build configuration list for PBXProject "CempMobile" */;
			compatibilityVersion = "Xcode 12.0";
			developmentRegion = en;
			hasScannedForEncodings = 0;
			knownRegions = (
				en,
				Base,
			);
			mainGroup = 83CBB9F61A601CBA00E9B192;
			productRefGroup = 83CBBA001A601CBA00E9B192 /* Products */;
			projectDirPath = "";
			projectRoot = "";
			targets = (
				13B07F861A680F5B00A75B9A /* CempMobile */,
				B7D78FBA62FC1F319AEF7C38 /* CempMobileTests */,
			);
		};
/* End PBXProject section */

/* Begin PBXResourcesBuildPhase section */
		13B07F8E1A680F5B00A75B9A /* Resources */ = {
			isa = PBXResourcesBuildPhase;
			buildActionMask = 2147483647;
			files = (
				81AB9BB82411601600AC10FF /* LaunchScreen.storyboard in Resources */,
				13B07FBF1A68108700A75B9A /* Images.xcassets in Resources */,
			);
			runOnlyForDeploymentPostprocessing = 0;
		};
		E9A5CF690C9A7E6AC11736AE /* Resources */ = {
			isa = PBXResourcesBuildPhase;
			buildActionMask = 2147483647;
			files = (
				2706D07ED0BE2F454B7D6790 /* vectors.txt in Resources */,
			);
			runOnlyForDeploymentPostprocessing = 0;
		};
/* End PBXResourcesBuildPhase section */

/* Begin PBXShellScriptBuildPhase section */
		00DD1BFF1BD5951E006B06BC /* Bundle React Native code and images */ = {
			isa = PBXShellScriptBuildPhase;
			buildActionMask = 2147483647;
			files = (
			);
			inputPaths = (
				"$(SRCROOT)/.xcode.env.local",
				"$(SRCROOT)/.xcode.env",
			);
			name = "Bundle React Native code and images";
			outputPaths = (
			);
			runOnlyForDeploymentPostprocessing = 0;
			shellPath = /bin/sh;
			shellScript = "set -e\n\nWITH_ENVIRONMENT=\"$REACT_NATIVE_PATH/scripts/xcode/with-environment.sh\"\nREACT_NATIVE_XCODE=\"$REACT_NATIVE_PATH/scripts/react-native-xcode.sh\"\n\n/bin/sh -c \"\\\"$WITH_ENVIRONMENT\\\" \\\"$REACT_NATIVE_XCODE\\\"\"\n";
		};
		00EEFC60759A1932668264C0 /* [CP] Embed Pods Frameworks */ = {
			isa = PBXShellScriptBuildPhase;
			buildActionMask = 2147483647;
			files = (
			);
			inputFileListPaths = (
				"${PODS_ROOT}/Target Support Files/Pods-CempMobile/Pods-CempMobile-frameworks-${CONFIGURATION}-input-files.xcfilelist",
			);
			name = "[CP] Embed Pods Frameworks";
			outputFileListPaths = (
				"${PODS_ROOT}/Target Support Files/Pods-CempMobile/Pods-CempMobile-frameworks-${CONFIGURATION}-output-files.xcfilelist",
			);
			runOnlyForDeploymentPostprocessing = 0;
			shellPath = /bin/sh;
			shellScript = "\"${PODS_ROOT}/Target Support Files/Pods-CempMobile/Pods-CempMobile-frameworks.sh\"\n";
			showEnvVarsInLog = 0;
		};
		C38B50BA6285516D6DCD4F65 /* [CP] Check Pods Manifest.lock */ = {
			isa = PBXShellScriptBuildPhase;
			buildActionMask = 2147483647;
			files = (
			);
			inputFileListPaths = (
			);
			inputPaths = (
				"${PODS_PODFILE_DIR_PATH}/Podfile.lock",
				"${PODS_ROOT}/Manifest.lock",
			);
			name = "[CP] Check Pods Manifest.lock";
			outputFileListPaths = (
			);
			outputPaths = (
				"$(DERIVED_FILE_DIR)/Pods-CempMobile-checkManifestLockResult.txt",
			);
			runOnlyForDeploymentPostprocessing = 0;
			shellPath = /bin/sh;
			shellScript = "diff \"${PODS_PODFILE_DIR_PATH}/Podfile.lock\" \"${PODS_ROOT}/Manifest.lock\" > /dev/null\nif [ $? != 0 ] ; then\n    # print error to STDERR\n    echo \"error: The sandbox is not in sync with the Podfile.lock. Run 'pod install' or update your CocoaPods installation.\" >&2\n    exit 1\nfi\n# This output is used by Xcode 'outputs' to avoid re-running this script phase.\necho \"SUCCESS\" > \"${SCRIPT_OUTPUT_FILE_0}\"\n";
			showEnvVarsInLog = 0;
		};
		E235C05ADACE081382539298 /* [CP] Copy Pods Resources */ = {
			isa = PBXShellScriptBuildPhase;
			buildActionMask = 2147483647;
			files = (
			);
			inputFileListPaths = (
				"${PODS_ROOT}/Target Support Files/Pods-CempMobile/Pods-CempMobile-resources-${CONFIGURATION}-input-files.xcfilelist",
			);
			name = "[CP] Copy Pods Resources";
			outputFileListPaths = (
				"${PODS_ROOT}/Target Support Files/Pods-CempMobile/Pods-CempMobile-resources-${CONFIGURATION}-output-files.xcfilelist",
			);
			runOnlyForDeploymentPostprocessing = 0;
			shellPath = /bin/sh;
			shellScript = "\"${PODS_ROOT}/Target Support Files/Pods-CempMobile/Pods-CempMobile-resources.sh\"\n";
			showEnvVarsInLog = 0;
		};
/* End PBXShellScriptBuildPhase section */

/* Begin PBXSourcesBuildPhase section */
		13B07F871A680F5B00A75B9A /* Sources */ = {
			isa = PBXSourcesBuildPhase;
			buildActionMask = 2147483647;
			files = (
				761780ED2CA45674006654EE /* AppDelegate.swift in Sources */,
				07BABD8F3FA0C27F4B81CFE9 /* CempKdf.m in Sources */,
				E34C9DF6073397E063B0F14D /* CempKdfCore.c in Sources */,
				22D8F88B687FBC76D3150226 /* argon2.c in Sources */,
				C40E01FCD45D234EEF5591EC /* core.c in Sources */,
				33FFF5BC7B94516A9144E263 /* encoding.c in Sources */,
				B01EE71BB5203E688BEFB035 /* ref.c in Sources */,
				2868217D266BC43AB3BE3528 /* thread.c in Sources */,
				9F9FC24BDE20689464460613 /* blake2b.c in Sources */,
				3E4F8B8A1F250BBD7ADA6A45 /* crypto_scrypt-ref.c in Sources */,
				79F04CA827A0EB9E80F2AA0D /* sha256.c in Sources */,
				F30B4430904328B3FF67B38D /* insecure_memzero.c in Sources */,
				FE33B4E1826A6572531CAF78 /* CempImageCodec.m in Sources */,
				A4BD7AC5EC00E0352219BA18 /* CempImageCodecEngine.m in Sources */,
				A94EE0C18EAE82698A6483F2 /* CempImagePicker.m in Sources */,
				5A14FC6F217C153515DEA426 /* CempImagePickerEngine.m in Sources */,
				31FFA489DF09A20167DC1A92 /* CempScheduler.m in Sources */,
				342F161A391629C2FE41E575 /* CempSchedulerEngine.m in Sources */,
				D776C5574DB43953F3BE7D6D /* CempHeadlessTask.m in Sources */,
				34CB849B985B4B1ED2D1FD62 /* CempShare.m in Sources */,
				5ED204B36CBE342D34C1B1D5 /* CempQrScanner.m in Sources */,
				29E2A3EBED13533766EC6FA3 /* CempQrScannerViewController.m in Sources */,
			);
			runOnlyForDeploymentPostprocessing = 0;
		};
		E73799D83BF07589E1311DA4 /* Sources */ = {
			isa = PBXSourcesBuildPhase;
			buildActionMask = 2147483647;
			files = (
				EE8D4DAC9E40F58152CCE7EB /* CempKdfCore.c in Sources */,
				C60A07418CA0ADC1FD57DFF1 /* argon2.c in Sources */,
				46768DA30D9264A4B3D24173 /* core.c in Sources */,
				BEBB764942C71FD3B7D73F42 /* encoding.c in Sources */,
				D25727FD77B22B4FBB02FB8C /* ref.c in Sources */,
				E21A9DAD30715CAE1679EC90 /* thread.c in Sources */,
				4ADB3568E4D54CDA4486B72F /* blake2b.c in Sources */,
				E2FADA692FF8878A85774BF6 /* crypto_scrypt-ref.c in Sources */,
				D7958F179AB987DAD100EB82 /* sha256.c in Sources */,
				755F8604784781D7A0ADFF81 /* insecure_memzero.c in Sources */,
				AA56F14A400E0DEC084945BB /* CempKdfTests.m in Sources */,
				194FA86B7BF9C66F1E6A311A /* CempImageCodecEngine.m in Sources */,
				DCBFB10EE371871101DEC4B2 /* CempImageCodecTests.m in Sources */,
				6241E90D16A8D7B558E0DB03 /* CempImagePickerEngine.m in Sources */,
				0D873120F3F8D08E2E0491D4 /* CempImagePickerTests.m in Sources */,
				635FCEBA8A81978CBA5A1576 /* CempSchedulerEngine.m in Sources */,
				FD17122EA6AFC7E3F5EF0070 /* CempSchedulerTests.m in Sources */,
			);
			runOnlyForDeploymentPostprocessing = 0;
		};
/* End PBXSourcesBuildPhase section */

/* Begin XCBuildConfiguration section */
		13B07F941A680F5B00A75B9A /* Debug */ = {
			isa = XCBuildConfiguration;
			baseConfigurationReference = 3B4392A12AC88292D35C810B /* Pods-CempMobile.debug.xcconfig */;
			buildSettings = {
				ASSETCATALOG_COMPILER_APPICON_NAME = AppIcon;
				CLANG_ENABLE_MODULES = YES;
				CURRENT_PROJECT_VERSION = 1;
				ENABLE_BITCODE = NO;
				GCC_PREPROCESSOR_DEFINITIONS = (
					"$(inherited)",
					"ARGON2_NO_THREADS=1",
				);
				HEADER_SEARCH_PATHS = (
					"$(inherited)",
					"$(SRCROOT)/CempKdf",
					"$(SRCROOT)/CempKdf/vendor/argon2/include",
					"$(SRCROOT)/CempKdf/vendor/argon2/src",
					"$(SRCROOT)/CempKdf/vendor/scrypt/lib-platform/crypto",
					"$(SRCROOT)/CempKdf/vendor/scrypt/libcperciva/alg",
					"$(SRCROOT)/CempKdf/vendor/scrypt/libcperciva/cpusupport",
					"$(SRCROOT)/CempKdf/vendor/scrypt/libcperciva/util",
				);
				INFOPLIST_FILE = CempMobile/Info.plist;
				IPHONEOS_DEPLOYMENT_TARGET = 15.1;
				LD_RUNPATH_SEARCH_PATHS = (
					"$(inherited)",
					"@executable_path/Frameworks",
				);
				MARKETING_VERSION = 1.0;
				OTHER_LDFLAGS = (
					"$(inherited)",
					"-ObjC",
					"-lc++",
				);
				PRODUCT_BUNDLE_IDENTIFIER = com.cempmobile;
				PRODUCT_NAME = CempMobile;
				SWIFT_OBJC_BRIDGING_HEADER = "CempMobile/CempMobile-Bridging-Header.h";
				SWIFT_OPTIMIZATION_LEVEL = "-Onone";
				SWIFT_VERSION = 5.0;
				VERSIONING_SYSTEM = "apple-generic";
			};
			name = Debug;
		};
		13B07F951A680F5B00A75B9A /* Release */ = {
			isa = XCBuildConfiguration;
			baseConfigurationReference = 5709B34CF0A7D63546082F79 /* Pods-CempMobile.release.xcconfig */;
			buildSettings = {
				ASSETCATALOG_COMPILER_APPICON_NAME = AppIcon;
				CLANG_ENABLE_MODULES = YES;
				CURRENT_PROJECT_VERSION = 1;
				GCC_PREPROCESSOR_DEFINITIONS = (
					"$(inherited)",
					"ARGON2_NO_THREADS=1",
				);
				HEADER_SEARCH_PATHS = (
					"$(inherited)",
					"$(SRCROOT)/CempKdf",
					"$(SRCROOT)/CempKdf/vendor/argon2/include",
					"$(SRCROOT)/CempKdf/vendor/argon2/src",
					"$(SRCROOT)/CempKdf/vendor/scrypt/lib-platform/crypto",
					"$(SRCROOT)/CempKdf/vendor/scrypt/libcperciva/alg",
					"$(SRCROOT)/CempKdf/vendor/scrypt/libcperciva/cpusupport",
					"$(SRCROOT)/CempKdf/vendor/scrypt/libcperciva/util",
				);
				INFOPLIST_FILE = CempMobile/Info.plist;
				IPHONEOS_DEPLOYMENT_TARGET = 15.1;
				LD_RUNPATH_SEARCH_PATHS = (
					"$(inherited)",
					"@executable_path/Frameworks",
				);
				MARKETING_VERSION = 1.0;
				OTHER_LDFLAGS = (
					"$(inherited)",
					"-ObjC",
					"-lc++",
				);
				PRODUCT_BUNDLE_IDENTIFIER = com.cempmobile;
				PRODUCT_NAME = CempMobile;
				SWIFT_OBJC_BRIDGING_HEADER = "CempMobile/CempMobile-Bridging-Header.h";
				SWIFT_VERSION = 5.0;
				VERSIONING_SYSTEM = "apple-generic";
			};
			name = Release;
		};
		83CBBA201A601CBA00E9B192 /* Debug */ = {
			isa = XCBuildConfiguration;
			buildSettings = {
				ALWAYS_SEARCH_USER_PATHS = NO;
				CLANG_ANALYZER_LOCALIZABILITY_NONLOCALIZED = YES;
				CLANG_CXX_LANGUAGE_STANDARD = "c++20";
				CLANG_CXX_LIBRARY = "libc++";
				CLANG_ENABLE_MODULES = YES;
				CLANG_ENABLE_OBJC_ARC = YES;
				CLANG_WARN_BLOCK_CAPTURE_AUTORELEASING = YES;
				CLANG_WARN_BOOL_CONVERSION = YES;
				CLANG_WARN_COMMA = YES;
				CLANG_WARN_CONSTANT_CONVERSION = YES;
				CLANG_WARN_DEPRECATED_OBJC_IMPLEMENTATIONS = YES;
				CLANG_WARN_DIRECT_OBJC_ISA_USAGE = YES_ERROR;
				CLANG_WARN_EMPTY_BODY = YES;
				CLANG_WARN_ENUM_CONVERSION = YES;
				CLANG_WARN_INFINITE_RECURSION = YES;
				CLANG_WARN_INT_CONVERSION = YES;
				CLANG_WARN_NON_LITERAL_NULL_CONVERSION = YES;
				CLANG_WARN_OBJC_IMPLICIT_RETAIN_SELF = YES;
				CLANG_WARN_OBJC_LITERAL_CONVERSION = YES;
				CLANG_WARN_OBJC_ROOT_CLASS = YES_ERROR;
				CLANG_WARN_QUOTED_INCLUDE_IN_FRAMEWORK_HEADER = YES;
				CLANG_WARN_RANGE_LOOP_ANALYSIS = YES;
				CLANG_WARN_STRICT_PROTOTYPES = YES;
				CLANG_WARN_SUSPICIOUS_MOVE = YES;
				CLANG_WARN_UNREACHABLE_CODE = YES;
				CLANG_WARN__DUPLICATE_METHOD_MATCH = YES;
				"CODE_SIGN_IDENTITY[sdk=iphoneos*]" = "iPhone Developer";
				COPY_PHASE_STRIP = NO;
				ENABLE_STRICT_OBJC_MSGSEND = YES;
				ENABLE_TESTABILITY = YES;
				"EXCLUDED_ARCHS[sdk=iphonesimulator*]" = "";
				GCC_C_LANGUAGE_STANDARD = gnu99;
				GCC_DYNAMIC_NO_PIC = NO;
				GCC_NO_COMMON_BLOCKS = YES;
				GCC_OPTIMIZATION_LEVEL = 0;
				GCC_PREPROCESSOR_DEFINITIONS = (
					"DEBUG=1",
					"$(inherited)",
				);
				GCC_SYMBOLS_PRIVATE_EXTERN = NO;
				GCC_WARN_64_TO_32_BIT_CONVERSION = YES;
				GCC_WARN_ABOUT_RETURN_TYPE = YES_ERROR;
				GCC_WARN_UNDECLARED_SELECTOR = YES;
				GCC_WARN_UNINITIALIZED_AUTOS = YES_AGGRESSIVE;
				GCC_WARN_UNUSED_FUNCTION = YES;
				GCC_WARN_UNUSED_VARIABLE = YES;
				IPHONEOS_DEPLOYMENT_TARGET = 15.1;
				LD_RUNPATH_SEARCH_PATHS = (
					/usr/lib/swift,
					"$(inherited)",
				);
				LIBRARY_SEARCH_PATHS = (
					"\"$(SDKROOT)/usr/lib/swift\"",
					"\"$(TOOLCHAIN_DIR)/usr/lib/swift/$(PLATFORM_NAME)\"",
					"\"$(inherited)\"",
				);
				MTL_ENABLE_DEBUG_INFO = YES;
				ONLY_ACTIVE_ARCH = YES;
				OTHER_CPLUSPLUSFLAGS = (
					"$(OTHER_CFLAGS)",
					"-DFOLLY_NO_CONFIG",
					"-DFOLLY_MOBILE=1",
					"-DFOLLY_USE_LIBCPP=1",
					"-DFOLLY_CFG_NO_COROUTINES=1",
					"-DFOLLY_HAVE_CLOCK_GETTIME=1",
				);
				SDKROOT = iphoneos;
			};
			name = Debug;
		};
		83CBBA211A601CBA00E9B192 /* Release */ = {
			isa = XCBuildConfiguration;
			buildSettings = {
				ALWAYS_SEARCH_USER_PATHS = NO;
				CLANG_ANALYZER_LOCALIZABILITY_NONLOCALIZED = YES;
				CLANG_CXX_LANGUAGE_STANDARD = "c++20";
				CLANG_CXX_LIBRARY = "libc++";
				CLANG_ENABLE_MODULES = YES;
				CLANG_ENABLE_OBJC_ARC = YES;
				CLANG_WARN_BLOCK_CAPTURE_AUTORELEASING = YES;
				CLANG_WARN_BOOL_CONVERSION = YES;
				CLANG_WARN_COMMA = YES;
				CLANG_WARN_CONSTANT_CONVERSION = YES;
				CLANG_WARN_DEPRECATED_OBJC_IMPLEMENTATIONS = YES;
				CLANG_WARN_DIRECT_OBJC_ISA_USAGE = YES_ERROR;
				CLANG_WARN_EMPTY_BODY = YES;
				CLANG_WARN_ENUM_CONVERSION = YES;
				CLANG_WARN_INFINITE_RECURSION = YES;
				CLANG_WARN_INT_CONVERSION = YES;
				CLANG_WARN_NON_LITERAL_NULL_CONVERSION = YES;
				CLANG_WARN_OBJC_IMPLICIT_RETAIN_SELF = YES;
				CLANG_WARN_OBJC_LITERAL_CONVERSION = YES;
				CLANG_WARN_OBJC_ROOT_CLASS = YES_ERROR;
				CLANG_WARN_QUOTED_INCLUDE_IN_FRAMEWORK_HEADER = YES;
				CLANG_WARN_RANGE_LOOP_ANALYSIS = YES;
				CLANG_WARN_STRICT_PROTOTYPES = YES;
				CLANG_WARN_SUSPICIOUS_MOVE = YES;
				CLANG_WARN_UNREACHABLE_CODE = YES;
				CLANG_WARN__DUPLICATE_METHOD_MATCH = YES;
				"CODE_SIGN_IDENTITY[sdk=iphoneos*]" = "iPhone Developer";
				COPY_PHASE_STRIP = YES;
				ENABLE_NS_ASSERTIONS = NO;
				ENABLE_STRICT_OBJC_MSGSEND = YES;
				"EXCLUDED_ARCHS[sdk=iphonesimulator*]" = "";
				GCC_C_LANGUAGE_STANDARD = gnu99;
				GCC_NO_COMMON_BLOCKS = YES;
				GCC_WARN_64_TO_32_BIT_CONVERSION = YES;
				GCC_WARN_ABOUT_RETURN_TYPE = YES_ERROR;
				GCC_WARN_UNDECLARED_SELECTOR = YES;
				GCC_WARN_UNINITIALIZED_AUTOS = YES_AGGRESSIVE;
				GCC_WARN_UNUSED_FUNCTION = YES;
				GCC_WARN_UNUSED_VARIABLE = YES;
				IPHONEOS_DEPLOYMENT_TARGET = 15.1;
				LD_RUNPATH_SEARCH_PATHS = (
					/usr/lib/swift,
					"$(inherited)",
				);
				LIBRARY_SEARCH_PATHS = (
					"\"$(SDKROOT)/usr/lib/swift\"",
					"\"$(TOOLCHAIN_DIR)/usr/lib/swift/$(PLATFORM_NAME)\"",
					"\"$(inherited)\"",
				);
				MTL_ENABLE_DEBUG_INFO = NO;
				OTHER_CPLUSPLUSFLAGS = (
					"$(OTHER_CFLAGS)",
					"-DFOLLY_NO_CONFIG",
					"-DFOLLY_MOBILE=1",
					"-DFOLLY_USE_LIBCPP=1",
					"-DFOLLY_CFG_NO_COROUTINES=1",
					"-DFOLLY_HAVE_CLOCK_GETTIME=1",
				);
				SDKROOT = iphoneos;
				VALIDATE_PRODUCT = YES;
			};
			name = Release;
		};
		AC3B29F846483A3E9D900A92 /* Debug */ = {
			isa = XCBuildConfiguration;
			buildSettings = {
				CLANG_ENABLE_OBJC_ARC = YES;
				CLANG_ENABLE_OBJC_WEAK = NO;
				CODE_SIGNING_ALLOWED = NO;
				GCC_PREPROCESSOR_DEFINITIONS = (
					"$(inherited)",
					"ARGON2_NO_THREADS=1",
				);
				GENERATE_INFOPLIST_FILE = YES;
				HEADER_SEARCH_PATHS = (
					"$(inherited)",
					"$(SRCROOT)/CempKdf",
					"$(SRCROOT)/CempKdf/vendor/argon2/include",
					"$(SRCROOT)/CempKdf/vendor/argon2/src",
					"$(SRCROOT)/CempKdf/vendor/scrypt/lib-platform/crypto",
					"$(SRCROOT)/CempKdf/vendor/scrypt/libcperciva/alg",
					"$(SRCROOT)/CempKdf/vendor/scrypt/libcperciva/cpusupport",
					"$(SRCROOT)/CempKdf/vendor/scrypt/libcperciva/util",
				);
				IPHONEOS_DEPLOYMENT_TARGET = 15.1;
				PRODUCT_BUNDLE_IDENTIFIER = com.cempmobile.tests;
				PRODUCT_NAME = CempMobileTests;
				SDKROOT = iphoneos;
			};
			name = Debug;
		};
		FB00BA6101AD3B94341F3ED3 /* Release */ = {
			isa = XCBuildConfiguration;
			buildSettings = {
				CLANG_ENABLE_OBJC_ARC = YES;
				CLANG_ENABLE_OBJC_WEAK = NO;
				CODE_SIGNING_ALLOWED = NO;
				GCC_PREPROCESSOR_DEFINITIONS = (
					"$(inherited)",
					"ARGON2_NO_THREADS=1",
				);
				GENERATE_INFOPLIST_FILE = YES;
				HEADER_SEARCH_PATHS = (
					"$(inherited)",
					"$(SRCROOT)/CempKdf",
					"$(SRCROOT)/CempKdf/vendor/argon2/include",
					"$(SRCROOT)/CempKdf/vendor/argon2/src",
					"$(SRCROOT)/CempKdf/vendor/scrypt/lib-platform/crypto",
					"$(SRCROOT)/CempKdf/vendor/scrypt/libcperciva/alg",
					"$(SRCROOT)/CempKdf/vendor/scrypt/libcperciva/cpusupport",
					"$(SRCROOT)/CempKdf/vendor/scrypt/libcperciva/util",
				);
				IPHONEOS_DEPLOYMENT_TARGET = 15.1;
				PRODUCT_BUNDLE_IDENTIFIER = com.cempmobile.tests;
				PRODUCT_NAME = CempMobileTests;
				SDKROOT = iphoneos;
				VALIDATE_PRODUCT = YES;
			};
			name = Release;
		};
/* End XCBuildConfiguration section */

/* Begin XCConfigurationList section */
		13B07F931A680F5B00A75B9A /* Build configuration list for PBXNativeTarget "CempMobile" */ = {
			isa = XCConfigurationList;
			buildConfigurations = (
				13B07F941A680F5B00A75B9A /* Debug */,
				13B07F951A680F5B00A75B9A /* Release */,
			);
			defaultConfigurationIsVisible = 0;
			defaultConfigurationName = Release;
		};
		83CBB9FA1A601CBA00E9B192 /* Build configuration list for PBXProject "CempMobile" */ = {
			isa = XCConfigurationList;
			buildConfigurations = (
				83CBBA201A601CBA00E9B192 /* Debug */,
				83CBBA211A601CBA00E9B192 /* Release */,
			);
			defaultConfigurationIsVisible = 0;
			defaultConfigurationName = Release;
		};
		EB3BD5EADD555762C7AE3B1C /* Build configuration list for PBXNativeTarget "CempMobileTests" */ = {
			isa = XCConfigurationList;
			buildConfigurations = (
				FB00BA6101AD3B94341F3ED3 /* Release */,
				AC3B29F846483A3E9D900A92 /* Debug */,
			);
			defaultConfigurationIsVisible = 0;
			defaultConfigurationName = Release;
		};
/* End XCConfigurationList section */
	};
	rootObject = 83CBB9F71A601CBA00E9B192 /* Project object */;
}
